
Microsoft Visual Studio Solution File, Format Version 12.00
# Visual Studio Version 17
VisualStudioVersion = 17.2.32526.322
MinimumVisualStudioVersion = 10.0.40219.1
Project("{FAE04EC0-301F-11D3-BF4B-00C04F79EFBC}") = "ColdShineSoft.ReverseProxyServer", "ColdShineSoft.ReverseProxyServer\ColdShineSoft.ReverseProxyServer.csproj", "{5E1C221B-8FB2-4684-9B7A-E49BB33C8E99}"
EndProject
Global
	GlobalSection(SolutionConfigurationPlatforms) = preSolution
		Debug|Any CPU = Debug|Any CPU
		Release|Any CPU = Release|Any CPU
	EndGlobalSection
	GlobalSection(ProjectConfigurationPlatforms) = postSolution
		{5E1C221B-8FB2-4684-9B7A-E49BB33C8E99}.Debug|Any CPU.ActiveCfg = Debug|Any CPU
		{5E1C221B-8FB2-4684-9B7A-E49BB33C8E99}.Debug|Any CPU.Build.0 = Debug|Any CPU
		{5E1C221B-8FB2-4684-9B7A-E49BB33C8E99}.Release|Any CPU.ActiveCfg = Release|Any CPU
		{5E1C221B-8FB2-4684-9B7A-E49BB33C8E99}.Release|Any CPU.Build.0 = Release|Any CPU
	EndGlobalSection
	GlobalSection(SolutionProperties) = preSolution
		HideSolutionNode = FALSE
	EndGlobalSection
	GlobalSection(ExtensibilityGlobals) = postSolution
		SolutionGuid = {2FDCA85C-B5DE-422A-BC73-6F498E3EF812}
	EndGlobalSection
EndGlobal
